// !$*UTF8*$!
{
	archiveVersion = 1;
	classes = {
	};
	objectVersion = 50;
	objects = {

/* Begin PBXBuildFile section */
		2204EA8F254F4EE900CE4CAB /* Stargazer.swift in Sources */ = {isa = PBXBuildFile; fileRef = 2204EA8E254F4EE900CE4CAB /* Stargazer.swift */; };
		2204EA94254F4F4300CE4CAB /* StargazerCell.swift in Sources */ = {isa = PBXBuildFile; fileRef = 2204EA93254F4F4300CE4CAB /* StargazerCell.swift */; };
		2204EA9A254F503F00CE4CAB /* ColorExtension.swift in Sources */ = {isa = PBXBuildFile; fileRef = 2204EA99254F503F00CE4CAB /* ColorExtension.swift */; };
		2204EA9F254F552E00CE4CAB /* StargazersViewModel.swift in Sources */ = {isa = PBXBuildFile; fileRef = 2204EA9E254F552E00CE4CAB /* StargazersViewModel.swift */; };
		2204EAA4254F60C700CE4CAB /* ActivityIndicator.swift in Sources */ = {isa = PBXBuildFile; fileRef = 2204EAA3254F60C700CE4CAB /* ActivityIndicator.swift */; };
		2204EAAD254F701A00CE4CAB /* Localizable.strings in Resources */ = {isa = PBXBuildFile; fileRef = 2204EAAF254F701A00CE4CAB /* Localizable.strings */; };
		221EC33F254F451D003AFAEE /* SearchResult.swift in Sources */ = {isa = PBXBuildFile; fileRef = 221EC33E254F451D003AFAEE /* SearchResult.swift */; };
		2253BD44254DC34700CA45F4 /* StargazersApp.swift in Sources */ = {isa = PBXBuildFile; fileRef = 2253BD43254DC34700CA45F4 /* StargazersApp.swift */; };
		2253BD46254DC34700CA45F4 /* StargazersView.swift in Sources */ = {isa = PBXBuildFile; fileRef = 2253BD45254DC34700CA45F4 /* StargazersView.swift */; };
		2253BD48254DC34900CA45F4 /* Assets.xcassets in Resources */ = {isa = PBXBuildFile; fileRef = 2253BD47254DC34900CA45F4 /* Assets.xcassets */; };
		2253BD4B254DC34900CA45F4 /* Preview Assets.xcassets in Resources */ = {isa = PBXBuildFile; fileRef = 2253BD4A254DC34900CA45F4 /* Preview Assets.xcassets */; };
		2253BD61254DC34A00CA45F4 /* StargazersUITests.swift in Sources */ = {isa = PBXBuildFile; fileRef = 2253BD60254DC34A00CA45F4 /* StargazersUITests.swift */; };
		22BF73CC254DD5AC00A952AB /* HTTPServiceResponse.swift in Sources */ = {isa = PBXBuildFile; fileRef = 22BF73C8254DD5AC00A952AB /* HTTPServiceResponse.swift */; };
		22BF73CD254DD5AC00A952AB /* HTTPServiceProtocol.swift in Sources */ = {isa = PBXBuildFile; fileRef = 22BF73C9254DD5AC00A952AB /* HTTPServiceProtocol.swift */; };
		22BF73CE254DD5AC00A952AB /* HTTPService.swift in Sources */ = {isa = PBXBuildFile; fileRef = 22BF73CA254DD5AC00A952AB /* HTTPService.swift */; };
		22BF73CF254DD5AC00A952AB /* HTTPServiceError.swift in Sources */ = {isa = PBXBuildFile; fileRef = 22BF73CB254DD5AC00A952AB /* HTTPServiceError.swift */; };
		22BF73D4254DD61000A952AB /* HTTPServiceTests.swift in Sources */ = {isa = PBXBuildFile; fileRef = 22BF73D3254DD61000A952AB /* HTTPServiceTests.swift */; };
		22BF73DD254DE3E900A952AB /* GitHubService.swift in Sources */ = {isa = PBXBuildFile; fileRef = 22BF73DC254DE3E900A952AB /* GitHubService.swift */; };
		22BF73E5254DE3F800A952AB /* GitHubServiceProtocol.swift in Sources */ = {isa = PBXBuildFile; fileRef = 22BF73E4254DE3F800A952AB /* GitHubServiceProtocol.swift */; };
		22BF73EA254DE40400A952AB /* GitHubServiceConfig.swift in Sources */ = {isa = PBXBuildFile; fileRef = 22BF73E9254DE40400A952AB /* GitHubServiceConfig.swift */; };
		22BF73EF254DE41000A952AB /* GitHubServiceError.swift in Sources */ = {isa = PBXBuildFile; fileRef = 22BF73EE254DE41000A952AB /* GitHubServiceError.swift */; };
		22BF73F5254DF3B300A952AB /* StargazerData.swift in Sources */ = {isa = PBXBuildFile; fileRef = 22BF73F4254DF3B300A952AB /* StargazerData.swift */; };
		22BF7402254DF8AB00A952AB /* GitHubServiceTests.swift in Sources */ = {isa = PBXBuildFile; fileRef = 22BF7401254DF8AB00A952AB /* GitHubServiceTests.swift */; };
		22BF7408254DFA8700A952AB /* HTTPServiceMock.swift in Sources */ = {isa = PBXBuildFile; fileRef = 22BF7407254DFA8700A952AB /* HTTPServiceMock.swift */; };
		22BF740F254DFB9300A952AB /* HTTPServiceProtocol.swift in Sources */ = {isa = PBXBuildFile; fileRef = 22BF73C9254DD5AC00A952AB /* HTTPServiceProtocol.swift */; };
		22BF7410254DFB9300A952AB /* HTTPServiceResponse.swift in Sources */ = {isa = PBXBuildFile; fileRef = 22BF73C8254DD5AC00A952AB /* HTTPServiceResponse.swift */; };
		22BF7411254DFB9300A952AB /* HTTPServiceError.swift in Sources */ = {isa = PBXBuildFile; fileRef = 22BF73CB254DD5AC00A952AB /* HTTPServiceError.swift */; };
		22BF7412254DFB9300A952AB /* HTTPService.swift in Sources */ = {isa = PBXBuildFile; fileRef = 22BF73CA254DD5AC00A952AB /* HTTPService.swift */; };
		22BF741C254DFD2400A952AB /* GitHubServiceProtocol.swift in Sources */ = {isa = PBXBuildFile; fileRef = 22BF73E4254DE3F800A952AB /* GitHubServiceProtocol.swift */; };
		22BF741D254DFD2400A952AB /* GitHubServiceError.swift in Sources */ = {isa = PBXBuildFile; fileRef = 22BF73EE254DE41000A952AB /* GitHubServiceError.swift */; };
		22BF741E254DFD2400A952AB /* GitHubServiceConfig.swift in Sources */ = {isa = PBXBuildFile; fileRef = 22BF73E9254DE40400A952AB /* GitHubServiceConfig.swift */; };
		22BF7420254DFD2400A952AB /* StargazerData.swift in Sources */ = {isa = PBXBuildFile; fileRef = 22BF73F4254DF3B300A952AB /* StargazerData.swift */; };
		22BF7421254DFD2400A952AB /* GitHubService.swift in Sources */ = {isa = PBXBuildFile; fileRef = 22BF73DC254DE3E900A952AB /* GitHubService.swift */; };
		22BF7430254E0E3D00A952AB /* ImageService.swift in Sources */ = {isa = PBXBuildFile; fileRef = 22BF742F254E0E3D00A952AB /* ImageService.swift */; };
		22BF7435254E0E4700A952AB /* ImageServiceProtocol.swift in Sources */ = {isa = PBXBuildFile; fileRef = 22BF7434254E0E4700A952AB /* ImageServiceProtocol.swift */; };
		22BF743A254E0E5800A952AB /* ImageServiceError.swift in Sources */ = {isa = PBXBuildFile; fileRef = 22BF7439254E0E5800A952AB /* ImageServiceError.swift */; };
		22BF743F254E11E200A952AB /* ImageServiceTests.swift in Sources */ = {isa = PBXBuildFile; fileRef = 22BF743E254E11E200A952AB /* ImageServiceTests.swift */; };
		22BF7443254E133100A952AB /* ImageServiceError.swift in Sources */ = {isa = PBXBuildFile; fileRef = 22BF7439254E0E5800A952AB /* ImageServiceError.swift */; };
		22BF7444254E133100A952AB /* ImageServiceProtocol.swift in Sources */ = {isa = PBXBuildFile; fileRef = 22BF7434254E0E4700A952AB /* ImageServiceProtocol.swift */; };
		22BF7445254E133100A952AB /* ImageService.swift in Sources */ = {isa = PBXBuildFile; fileRef = 22BF742F254E0E3D00A952AB /* ImageService.swift */; };
		22BF745B254E15FE00A952AB /* 4189786.jpeg in Resources */ = {isa = PBXBuildFile; fileRef = 22BF745A254E15FE00A952AB /* 4189786.jpeg */; };
		22BF7463254E3E7600A952AB /* SearchView.swift in Sources */ = {isa = PBXBuildFile; fileRef = 22BF7462254E3E7600A952AB /* SearchView.swift */; };
		7EFA1E8EEDFDB208B459B015 /* Pods_StargazersTests.framework in Frameworks */ = {isa = PBXBuildFile; fileRef = 0C65502BCE7CC7D7B7A8019E /* Pods_StargazersTests.framework */; };
		97BD9B22BF0F6E47193D4DBB /* Pods_Stargazers.framework in Frameworks */ = {isa = PBXBuildFile; fileRef = 061981E353F6A6EBCECC4953 /* Pods_Stargazers.framework */; };
		EEDF0FB27990E7BE44344AC0 /* Pods_Stargazers_StargazersUITests.framework in Frameworks */ = {isa = PBXBuildFile; fileRef = 1955120F2D63980908F81B1C /* Pods_Stargazers_StargazersUITests.framework */; };
/* End PBXBuildFile section */

/* Begin PBXContainerItemProxy section */
		2253BD52254DC34A00CA45F4 /* PBXContainerItemProxy */ = {
			isa = PBXContainerItemProxy;
			containerPortal = 2253BD38254DC34700CA45F4 /* Project object */;
			proxyType = 1;
			remoteGlobalIDString = 2253BD3F254DC34700CA45F4;
			remoteInfo = Stargazers;
		};
		2253BD5D254DC34A00CA45F4 /* PBXContainerItemProxy */ = {
			isa = PBXContainerItemProxy;
			containerPortal = 2253BD38254DC34700CA45F4 /* Project object */;
			proxyType = 1;
			remoteGlobalIDString = 2253BD3F254DC34700CA45F4;
			remoteInfo = Stargazers;
		};
/* End PBXContainerItemProxy section */

/* Begin PBXFileReference section */
		061981E353F6A6EBCECC4953 /* Pods_Stargazers.framework */ = {isa = PBXFileReference; explicitFileType = wrapper.framework; includeInIndex = 0; path = Pods_Stargazers.framework; sourceTree = BUILT_PRODUCTS_DIR; };
		08356944E57F240DD0FA455B /* Pods-StargazersTests.release.xcconfig */ = {isa = PBXFileReference; includeInIndex = 1; lastKnownFileType = text.xcconfig; name = "Pods-StargazersTests.release.xcconfig"; path = "Target Support Files/Pods-StargazersTests/Pods-StargazersTests.release.xcconfig"; sourceTree = "<group>"; };
		0C65502BCE7CC7D7B7A8019E /* Pods_StargazersTests.framework */ = {isa = PBXFileReference; explicitFileType = wrapper.framework; includeInIndex = 0; path = Pods_StargazersTests.framework; sourceTree = BUILT_PRODUCTS_DIR; };
		1955120F2D63980908F81B1C /* Pods_Stargazers_StargazersUITests.framework */ = {isa = PBXFileReference; explicitFileType = wrapper.framework; includeInIndex = 0; path = Pods_Stargazers_StargazersUITests.framework; sourceTree = BUILT_PRODUCTS_DIR; };
		2204EA8E254F4EE900CE4CAB /* Stargazer.swift */ = {isa = PBXFileReference; lastKnownFileType = sourcecode.swift; path = Stargazer.swift; sourceTree = "<group>"; };
		2204EA93254F4F4300CE4CAB /* StargazerCell.swift */ = {isa = PBXFileReference; lastKnownFileType = sourcecode.swift; path = StargazerCell.swift; sourceTree = "<group>"; };
		2204EA99254F503F00CE4CAB /* ColorExtension.swift */ = {isa = PBXFileReference; lastKnownFileType = sourcecode.swift; path = ColorExtension.swift; sourceTree = "<group>"; };
		2204EA9E254F552E00CE4CAB /* StargazersViewModel.swift */ = {isa = PBXFileReference; lastKnownFileType = sourcecode.swift; path = StargazersViewModel.swift; sourceTree = "<group>"; };
		2204EAA3254F60C700CE4CAB /* ActivityIndicator.swift */ = {isa = PBXFileReference; lastKnownFileType = sourcecode.swift; path = ActivityIndicator.swift; sourceTree = "<group>"; };
		2204EAAE254F701A00CE4CAB /* en */ = {isa = PBXFileReference; lastKnownFileType = text.plist.strings; name = en; path = en.lproj/Localizable.strings; sourceTree = "<group>"; };
		221EC33E254F451D003AFAEE /* SearchResult.swift */ = {isa = PBXFileReference; lastKnownFileType = sourcecode.swift; path = SearchResult.swift; sourceTree = "<group>"; };
		2253BD40254DC34700CA45F4 /* Stargazers.app */ = {isa = PBXFileReference; explicitFileType = wrapper.application; includeInIndex = 0; path = Stargazers.app; sourceTree = BUILT_PRODUCTS_DIR; };
		2253BD43254DC34700CA45F4 /* StargazersApp.swift */ = {isa = PBXFileReference; lastKnownFileType = sourcecode.swift; path = StargazersApp.swift; sourceTree = "<group>"; };
		2253BD45254DC34700CA45F4 /* StargazersView.swift */ = {isa = PBXFileReference; lastKnownFileType = sourcecode.swift; path = StargazersView.swift; sourceTree = "<group>"; };
		2253BD47254DC34900CA45F4 /* Assets.xcassets */ = {isa = PBXFileReference; lastKnownFileType = folder.assetcatalog; path = Assets.xcassets; sourceTree = "<group>"; };
		2253BD4A254DC34900CA45F4 /* Preview Assets.xcassets */ = {isa = PBXFileReference; lastKnownFileType = folder.assetcatalog; path = "Preview Assets.xcassets"; sourceTree = "<group>"; };
		2253BD4C254DC34900CA45F4 /* Info.plist */ = {isa = PBXFileReference; lastKnownFileType = text.plist.xml; path = Info.plist; sourceTree = "<group>"; };
		2253BD51254DC34A00CA45F4 /* StargazersTests.xctest */ = {isa = PBXFileReference; explicitFileType = wrapper.cfbundle; includeInIndex = 0; path = StargazersTests.xctest; sourceTree = BUILT_PRODUCTS_DIR; };
		2253BD57254DC34A00CA45F4 /* Info.plist */ = {isa = PBXFileReference; lastKnownFileType = text.plist.xml; path = Info.plist; sourceTree = "<group>"; };
		2253BD5C254DC34A00CA45F4 /* StargazersUITests.xctest */ = {isa = PBXFileReference; explicitFileType = wrapper.cfbundle; includeInIndex = 0; path = StargazersUITests.xctest; sourceTree = BUILT_PRODUCTS_DIR; };
		2253BD60254DC34A00CA45F4 /* StargazersUITests.swift */ = {isa = PBXFileReference; lastKnownFileType = sourcecode.swift; path = StargazersUITests.swift; sourceTree = "<group>"; };
		2253BD62254DC34A00CA45F4 /* Info.plist */ = {isa = PBXFileReference; lastKnownFileType = text.plist.xml; path = Info.plist; sourceTree = "<group>"; };
		22BF73C8254DD5AC00A952AB /* HTTPServiceResponse.swift */ = {isa = PBXFileReference; fileEncoding = 4; lastKnownFileType = sourcecode.swift; path = HTTPServiceResponse.swift; sourceTree = "<group>"; };
		22BF73C9254DD5AC00A952AB /* HTTPServiceProtocol.swift */ = {isa = PBXFileReference; fileEncoding = 4; lastKnownFileType = sourcecode.swift; path = HTTPServiceProtocol.swift; sourceTree = "<group>"; };
		22BF73CA254DD5AC00A952AB /* HTTPService.swift */ = {isa = PBXFileReference; fileEncoding = 4; lastKnownFileType = sourcecode.swift; path = HTTPService.swift; sourceTree = "<group>"; };
		22BF73CB254DD5AC00A952AB /* HTTPServiceError.swift */ = {isa = PBXFileReference; fileEncoding = 4; lastKnownFileType = sourcecode.swift; path = HTTPServiceError.swift; sourceTree = "<group>"; };
		22BF73D3254DD61000A952AB /* HTTPServiceTests.swift */ = {isa = PBXFileReference; lastKnownFileType = sourcecode.swift; path = HTTPServiceTests.swift; sourceTree = "<group>"; };
		22BF73DC254DE3E900A952AB /* GitHubService.swift */ = {isa = PBXFileReference; lastKnownFileType = sourcecode.swift; path = GitHubService.swift; sourceTree = "<group>"; };
		22BF73E4254DE3F800A952AB /* GitHubServiceProtocol.swift */ = {isa = PBXFileReference; lastKnownFileType = sourcecode.swift; path = GitHubServiceProtocol.swift; sourceTree = "<group>"; };
		22BF73E9254DE40400A952AB /* GitHubServiceConfig.swift */ = {isa = PBXFileReference; lastKnownFileType = sourcecode.swift; path = GitHubServiceConfig.swift; sourceTree = "<group>"; };
		22BF73EE254DE41000A952AB /* GitHubServiceError.swift */ = {isa = PBXFileReference; lastKnownFileType = sourcecode.swift; path = GitHubServiceError.swift; sourceTree = "<group>"; };
		22BF73F4254DF3B300A952AB /* StargazerData.swift */ = {isa = PBXFileReference; lastKnownFileType = sourcecode.swift; path = StargazerData.swift; sourceTree = "<group>"; };
		22BF7401254DF8AB00A952AB /* GitHubServiceTests.swift */ = {isa = PBXFileReference; lastKnownFileType = sourcecode.swift; path = GitHubServiceTests.swift; sourceTree = "<group>"; };
		22BF7407254DFA8700A952AB /* HTTPServiceMock.swift */ = {isa = PBXFileReference; lastKnownFileType = sourcecode.swift; path = HTTPServiceMock.swift; sourceTree = "<group>"; };
		22BF742F254E0E3D00A952AB /* ImageService.swift */ = {isa = PBXFileReference; lastKnownFileType = sourcecode.swift; path = ImageService.swift; sourceTree = "<group>"; };
		22BF7434254E0E4700A952AB /* ImageServiceProtocol.swift */ = {isa = PBXFileReference; lastKnownFileType = sourcecode.swift; path = ImageServiceProtocol.swift; sourceTree = "<group>"; };
		22BF7439254E0E5800A952AB /* ImageServiceError.swift */ = {isa = PBXFileReference; lastKnownFileType = sourcecode.swift; path = ImageServiceError.swift; sourceTree = "<group>"; };
		22BF743E254E11E200A952AB /* ImageServiceTests.swift */ = {isa = PBXFileReference; lastKnownFileType = sourcecode.swift; path = ImageServiceTests.swift; sourceTree = "<group>"; };
		22BF745A254E15FE00A952AB /* 4189786.jpeg */ = {isa = PBXFileReference; lastKnownFileType = image.jpeg; path = 4189786.jpeg; sourceTree = "<group>"; };
		22BF7462254E3E7600A952AB /* SearchView.swift */ = {isa = PBXFileReference; lastKnownFileType = sourcecode.swift; path = SearchView.swift; sourceTree = "<group>"; };
		67EA52973ACE7B9A0F2A8DDA /* Pods-Stargazers.debug.xcconfig */ = {isa = PBXFileReference; includeInIndex = 1; lastKnownFileType = text.xcconfig; name = "Pods-Stargazers.debug.xcconfig"; path = "Target Support Files/Pods-Stargazers/Pods-Stargazers.debug.xcconfig"; sourceTree = "<group>"; };
		6BA9EBB0A1D16B0C4B0B5A60 /* Pods-StargazersTests.debug.xcconfig */ = {isa = PBXFileReference; includeInIndex = 1; lastKnownFileType = text.xcconfig; name = "Pods-StargazersTests.debug.xcconfig"; path = "Target Support Files/Pods-StargazersTests/Pods-StargazersTests.debug.xcconfig"; sourceTree = "<group>"; };
		A6D3F3341EEB139B83E068C9 /* Pods-Stargazers.release.xcconfig */ = {isa = PBXFileReference; includeInIndex = 1; lastKnownFileType = text.xcconfig; name = "Pods-Stargazers.release.xcconfig"; path = "Target Support Files/Pods-Stargazers/Pods-Stargazers.release.xcconfig"; sourceTree = "<group>"; };
		B4DB8D51929AC044C59AF6F5 /* Pods-Stargazers-StargazersUITests.release.xcconfig */ = {isa = PBXFileReference; includeInIndex = 1; lastKnownFileType = text.xcconfig; name = "Pods-Stargazers-StargazersUITests.release.xcconfig"; path = "Target Support Files/Pods-Stargazers-StargazersUITests/Pods-Stargazers-StargazersUITests.release.xcconfig"; sourceTree = "<group>"; };
		C588BA31C2EC1E02C06308A6 /* Pods-Stargazers-StargazersUITests.debug.xcconfig */ = {isa = PBXFileReference; includeInIndex = 1; lastKnownFileType = text.xcconfig; name = "Pods-Stargazers-StargazersUITests.debug.xcconfig"; path = "Target Support Files/Pods-Stargazers-StargazersUITests/Pods-Stargazers-StargazersUITests.debug.xcconfig"; sourceTree = "<group>"; };
/* End PBXFileReference section */

/* Begin PBXFrameworksBuildPhase section */
		2253BD3D254DC34700CA45F4 /* Frameworks */ = {
			isa = PBXFrameworksBuildPhase;
			buildActionMask = 2147483647;
			files = (
				97BD9B22BF0F6E47193D4DBB /* Pods_Stargazers.framework in Frameworks */,
			);
			runOnlyForDeploymentPostprocessing = 0;
		};
		2253BD4E254DC34A00CA45F4 /* Frameworks */ = {
			isa = PBXFrameworksBuildPhase;
			buildActionMask = 2147483647;
			files = (
				7EFA1E8EEDFDB208B459B015 /* Pods_StargazersTests.framework in Frameworks */,
			);
			runOnlyForDeploymentPostprocessing = 0;
		};
		2253BD59254DC34A00CA45F4 /* Frameworks */ = {
			isa = PBXFrameworksBuildPhase;
			buildActionMask = 2147483647;
			files = (
				EEDF0FB27990E7BE44344AC0 /* Pods_Stargazers_StargazersUITests.framework in Frameworks */,
			);
			runOnlyForDeploymentPostprocessing = 0;
		};
/* End PBXFrameworksBuildPhase section */

/* Begin PBXGroup section */
		2204EA98254F502C00CE4CAB /* Extension */ = {
			isa = PBXGroup;
			children = (
				2204EA99254F503F00CE4CAB /* ColorExtension.swift */,
			);
			path = Extension;
			sourceTree = "<group>";
		};
		221EC337254F43A6003AFAEE /* Entities */ = {
			isa = PBXGroup;
			children = (
				2204EA8E254F4EE900CE4CAB /* Stargazer.swift */,
			);
			path = Entities;
			sourceTree = "<group>";
		};
		221EC338254F43B9003AFAEE /* Moodules */ = {
			isa = PBXGroup;
			children = (
				221EC33D254F4487003AFAEE /* Shared */,
				221EC33C254F447A003AFAEE /* Home */,
			);
			path = Moodules;
			sourceTree = "<group>";
		};
		221EC33C254F447A003AFAEE /* Home */ = {
			isa = PBXGroup;
			children = (
				2253BD45254DC34700CA45F4 /* StargazersView.swift */,
				2204EA9E254F552E00CE4CAB /* StargazersViewModel.swift */,
			);
			path = Home;
			sourceTree = "<group>";
		};
		221EC33D254F4487003AFAEE /* Shared */ = {
			isa = PBXGroup;
			children = (
				22BF7462254E3E7600A952AB /* SearchView.swift */,
				221EC33E254F451D003AFAEE /* SearchResult.swift */,
				2204EA93254F4F4300CE4CAB /* StargazerCell.swift */,
				2204EAA3254F60C700CE4CAB /* ActivityIndicator.swift */,
			);
			path = Shared;
			sourceTree = "<group>";
		};
		2253BD37254DC34700CA45F4 = {
			isa = PBXGroup;
			children = (
				2253BD42254DC34700CA45F4 /* Stargazers */,
				2253BD54254DC34A00CA45F4 /* StargazersTests */,
				2253BD5F254DC34A00CA45F4 /* StargazersUITests */,
				2253BD41254DC34700CA45F4 /* Products */,
				50986AC9A4608C68EFA94091 /* Pods */,
				7F96D676E7D7C440C27615FA /* Frameworks */,
			);
			sourceTree = "<group>";
		};
		2253BD41254DC34700CA45F4 /* Products */ = {
			isa = PBXGroup;
			children = (
				2253BD40254DC34700CA45F4 /* Stargazers.app */,
				2253BD51254DC34A00CA45F4 /* StargazersTests.xctest */,
				2253BD5C254DC34A00CA45F4 /* StargazersUITests.xctest */,
			);
			name = Products;
			sourceTree = "<group>";
		};
		2253BD42254DC34700CA45F4 /* Stargazers */ = {
			isa = PBXGroup;
			children = (
				2253BD43254DC34700CA45F4 /* StargazersApp.swift */,
				2204EA98254F502C00CE4CAB /* Extension */,
				221EC338254F43B9003AFAEE /* Moodules */,
				221EC337254F43A6003AFAEE /* Entities */,
				22BF73BA254DD54A00A952AB /* Services */,
				2253BD47254DC34900CA45F4 /* Assets.xcassets */,
				2253BD4C254DC34900CA45F4 /* Info.plist */,
				2253BD49254DC34900CA45F4 /* Preview Content */,
				2204EAAF254F701A00CE4CAB /* Localizable.strings */,
			);
			path = Stargazers;
			sourceTree = "<group>";
		};
		2253BD49254DC34900CA45F4 /* Preview Content */ = {
			isa = PBXGroup;
			children = (
				2253BD4A254DC34900CA45F4 /* Preview Assets.xcassets */,
			);
			path = "Preview Content";
			sourceTree = "<group>";
		};
		2253BD54254DC34A00CA45F4 /* StargazersTests */ = {
			isa = PBXGroup;
			children = (
				22BF7406254DFA6B00A952AB /* Mocks */,
				2253BD57254DC34A00CA45F4 /* Info.plist */,
				22BF73D3254DD61000A952AB /* HTTPServiceTests.swift */,
				22BF7401254DF8AB00A952AB /* GitHubServiceTests.swift */,
				22BF743E254E11E200A952AB /* ImageServiceTests.swift */,
			);
			path = StargazersTests;
			sourceTree = "<group>";
		};
		2253BD5F254DC34A00CA45F4 /* StargazersUITests */ = {
			isa = PBXGroup;
			children = (
				2253BD60254DC34A00CA45F4 /* StargazersUITests.swift */,
				2253BD62254DC34A00CA45F4 /* Info.plist */,
			);
			path = StargazersUITests;
			sourceTree = "<group>";
		};
		22BF73BA254DD54A00A952AB /* Services */ = {
			isa = PBXGroup;
			children = (
				22BF742E254E0E1A00A952AB /* ImageService */,
				22BF73DB254DE3D700A952AB /* GitHubService */,
				22BF73C3254DD58F00A952AB /* HTTPService */,
			);
			path = Services;
			sourceTree = "<group>";
		};
		22BF73C3254DD58F00A952AB /* HTTPService */ = {
			isa = PBXGroup;
			children = (
				22BF73C7254DD5AC00A952AB /* Entities */,
				22BF73CA254DD5AC00A952AB /* HTTPService.swift */,
				22BF73CB254DD5AC00A952AB /* HTTPServiceError.swift */,
				22BF73C9254DD5AC00A952AB /* HTTPServiceProtocol.swift */,
			);
			path = HTTPService;
			sourceTree = "<group>";
		};
		22BF73C7254DD5AC00A952AB /* Entities */ = {
			isa = PBXGroup;
			children = (
				22BF73C8254DD5AC00A952AB /* HTTPServiceResponse.swift */,
			);
			path = Entities;
			sourceTree = "<group>";
		};
		22BF73DB254DE3D700A952AB /* GitHubService */ = {
			isa = PBXGroup;
			children = (
				22BF73F3254DE5ED00A952AB /* Entities */,
				22BF73DC254DE3E900A952AB /* GitHubService.swift */,
				22BF73E4254DE3F800A952AB /* GitHubServiceProtocol.swift */,
				22BF73E9254DE40400A952AB /* GitHubServiceConfig.swift */,
				22BF73EE254DE41000A952AB /* GitHubServiceError.swift */,
			);
			path = GitHubService;
			sourceTree = "<group>";
		};
		22BF73F3254DE5ED00A952AB /* Entities */ = {
			isa = PBXGroup;
			children = (
				22BF73F4254DF3B300A952AB /* StargazerData.swift */,
			);
			path = Entities;
			sourceTree = "<group>";
		};
		22BF7406254DFA6B00A952AB /* Mocks */ = {
			isa = PBXGroup;
			children = (
				22BF745A254E15FE00A952AB /* 4189786.jpeg */,
				22BF7407254DFA8700A952AB /* HTTPServiceMock.swift */,
			);
			path = Mocks;
			sourceTree = "<group>";
		};
		22BF742E254E0E1A00A952AB /* ImageService */ = {
			isa = PBXGroup;
			children = (
				22BF742F254E0E3D00A952AB /* ImageService.swift */,
				22BF7434254E0E4700A952AB /* ImageServiceProtocol.swift */,
				22BF7439254E0E5800A952AB /* ImageServiceError.swift */,
			);
			path = ImageService;
			sourceTree = "<group>";
		};
		50986AC9A4608C68EFA94091 /* Pods */ = {
			isa = PBXGroup;
			children = (
				67EA52973ACE7B9A0F2A8DDA /* Pods-Stargazers.debug.xcconfig */,
				A6D3F3341EEB139B83E068C9 /* Pods-Stargazers.release.xcconfig */,
				C588BA31C2EC1E02C06308A6 /* Pods-Stargazers-StargazersUITests.debug.xcconfig */,
				B4DB8D51929AC044C59AF6F5 /* Pods-Stargazers-StargazersUITests.release.xcconfig */,
				6BA9EBB0A1D16B0C4B0B5A60 /* Pods-StargazersTests.debug.xcconfig */,
				08356944E57F240DD0FA455B /* Pods-StargazersTests.release.xcconfig */,
			);
			path = Pods;
			sourceTree = "<group>";
		};
		7F96D676E7D7C440C27615FA /* Frameworks */ = {
			isa = PBXGroup;
			children = (
				061981E353F6A6EBCECC4953 /* Pods_Stargazers.framework */,
				1955120F2D63980908F81B1C /* Pods_Stargazers_StargazersUITests.framework */,
				0C65502BCE7CC7D7B7A8019E /* Pods_StargazersTests.framework */,
			);
			name = Frameworks;
			sourceTree = "<group>";
		};
/* End PBXGroup section */

/* Begin PBXNativeTarget section */
		2253BD3F254DC34700CA45F4 /* Stargazers */ = {
			isa = PBXNativeTarget;
			buildConfigurationList = 2253BD65254DC34A00CA45F4 /* Build configuration list for PBXNativeTarget "Stargazers" */;
			buildPhases = (
				5EE94BA9C15D662FC862A06D /* [CP] Check Pods Manifest.lock */,
				2253BD3C254DC34700CA45F4 /* Sources */,
				2253BD3D254DC34700CA45F4 /* Frameworks */,
				2253BD3E254DC34700CA45F4 /* Resources */,
			);
			buildRules = (
			);
			dependencies = (
			);
			name = Stargazers;
			productName = Stargazers;
			productReference = 2253BD40254DC34700CA45F4 /* Stargazers.app */;
			productType = "com.apple.product-type.application";
		};
		2253BD50254DC34A00CA45F4 /* StargazersTests */ = {
			isa = PBXNativeTarget;
			buildConfigurationList = 2253BD68254DC34A00CA45F4 /* Build configuration list for PBXNativeTarget "StargazersTests" */;
			buildPhases = (
				91D39FFAC0B7758257DAF226 /* [CP] Check Pods Manifest.lock */,
				2253BD4D254DC34A00CA45F4 /* Sources */,
				2253BD4E254DC34A00CA45F4 /* Frameworks */,
				2253BD4F254DC34A00CA45F4 /* Resources */,
			);
			buildRules = (
			);
			dependencies = (
				2253BD53254DC34A00CA45F4 /* PBXTargetDependency */,
			);
			name = StargazersTests;
			productName = StargazersTests;
			productReference = 2253BD51254DC34A00CA45F4 /* StargazersTests.xctest */;
			productType = "com.apple.product-type.bundle.unit-test";
		};
		2253BD5B254DC34A00CA45F4 /* StargazersUITests */ = {
			isa = PBXNativeTarget;
			buildConfigurationList = 2253BD6B254DC34A00CA45F4 /* Build configuration list for PBXNativeTarget "StargazersUITests" */;
			buildPhases = (
				94F3180600F8B9B8657EDD26 /* [CP] Check Pods Manifest.lock */,
				2253BD58254DC34A00CA45F4 /* Sources */,
				2253BD59254DC34A00CA45F4 /* Frameworks */,
				2253BD5A254DC34A00CA45F4 /* Resources */,
			);
			buildRules = (
			);
			dependencies = (
				2253BD5E254DC34A00CA45F4 /* PBXTargetDependency */,
			);
			name = StargazersUITests;
			productName = StargazersUITests;
			productReference = 2253BD5C254DC34A00CA45F4 /* StargazersUITests.xctest */;
			productType = "com.apple.product-type.bundle.ui-testing";
		};
/* End PBXNativeTarget section */

/* Begin PBXProject section */
		2253BD38254DC34700CA45F4 /* Project object */ = {
			isa = PBXProject;
			attributes = {
				LastSwiftUpdateCheck = 1200;
				LastUpgradeCheck = 1200;
				TargetAttributes = {
					2253BD3F254DC34700CA45F4 = {
						CreatedOnToolsVersion = 12.0.1;
					};
					2253BD50254DC34A00CA45F4 = {
						CreatedOnToolsVersion = 12.0.1;
						TestTargetID = 2253BD3F254DC34700CA45F4;
					};
					2253BD5B254DC34A00CA45F4 = {
						CreatedOnToolsVersion = 12.0.1;
						TestTargetID = 2253BD3F254DC34700CA45F4;
					};
				};
			};
			buildConfigurationList = 2253BD3B254DC34700CA45F4 /* Build configuration list for PBXProject "Stargazers" */;
			compatibilityVersion = "Xcode 9.3";
			developmentRegion = en;
			hasScannedForEncodings = 0;
			knownRegions = (
				en,
				Base,
			);
			mainGroup = 2253BD37254DC34700CA45F4;
			productRefGroup = 2253BD41254DC34700CA45F4 /* Products */;
			projectDirPath = "";
			projectRoot = "";
			targets = (
				2253BD3F254DC34700CA45F4 /* Stargazers */,
				2253BD50254DC34A00CA45F4 /* StargazersTests */,
				2253BD5B254DC34A00CA45F4 /* StargazersUITests */,
			);
		};
/* End PBXProject section */

/* Begin PBXResourcesBuildPhase section */
		2253BD3E254DC34700CA45F4 /* Resources */ = {
			isa = PBXResourcesBuildPhase;
			buildActionMask = 2147483647;
			files = (
				2253BD4B254DC34900CA45F4 /* Preview Assets.xcassets in Resources */,
				2204EAAD254F701A00CE4CAB /* Localizable.strings in Resources */,
				2253BD48254DC34900CA45F4 /* Assets.xcassets in Resources */,
			);
			runOnlyForDeploymentPostprocessing = 0;
		};
		2253BD4F254DC34A00CA45F4 /* Resources */ = {
			isa = PBXResourcesBuildPhase;
			buildActionMask = 2147483647;
			files = (
				22BF745B254E15FE00A952AB /* 4189786.jpeg in Resources */,
			);
			runOnlyForDeploymentPostprocessing = 0;
		};
		2253BD5A254DC34A00CA45F4 /* Resources */ = {
			isa = PBXResourcesBuildPhase;
			buildActionMask = 2147483647;
			files = (
			);
			runOnlyForDeploymentPostprocessing = 0;
		};
/* End PBXResourcesBuildPhase section */

/* Begin PBXShellScriptBuildPhase section */
		5EE94BA9C15D662FC862A06D /* [CP] Check Pods Manifest.lock */ = {
			isa = PBXShellScriptBuildPhase;
			buildActionMask = 2147483647;
			files = (
			);
			inputFileListPaths = (
			);
			inputPaths = (
				"${PODS_PODFILE_DIR_PATH}/Podfile.lock",
				"${PODS_ROOT}/Manifest.lock",
			);
			name = "[CP] Check Pods Manifest.lock";
			outputFileListPaths = (
			);
			outputPaths = (
				"$(DERIVED_FILE_DIR)/Pods-Stargazers-checkManifestLockResult.txt",
			);
			runOnlyForDeploymentPostprocessing = 0;
			shellPath = /bin/sh;
			shellScript = "diff \"${PODS_PODFILE_DIR_PATH}/Podfile.lock\" \"${PODS_ROOT}/Manifest.lock\" > /dev/null\nif [ $? != 0 ] ; then\n    # print error to STDERR\n    echo \"error: The sandbox is not in sync with the Podfile.lock. Run 'pod install' or update your CocoaPods installation.\" >&2\n    exit 1\nfi\n# This output is used by Xcode 'outputs' to avoid re-running this script phase.\necho \"SUCCESS\" > \"${SCRIPT_OUTPUT_FILE_0}\"\n";
			showEnvVarsInLog = 0;
		};
		91D39FFAC0B7758257DAF226 /* [CP] Check Pods Manifest.lock */ = {
			isa = PBXShellScriptBuildPhase;
			buildActionMask = 2147483647;
			files = (
			);
			inputFileListPaths = (
			);
			inputPaths = (
				"${PODS_PODFILE_DIR_PATH}/Podfile.lock",
				"${PODS_ROOT}/Manifest.lock",
			);
			name = "[CP] Check Pods Manifest.lock";
			outputFileListPaths = (
			);
			outputPaths = (
				"$(DERIVED_FILE_DIR)/Pods-StargazersTests-checkManifestLockResult.txt",
			);
			runOnlyForDeploymentPostprocessing = 0;
			shellPath = /bin/sh;
			shellScript = "diff \"${PODS_PODFILE_DIR_PATH}/Podfile.lock\" \"${PODS_ROOT}/Manifest.lock\" > /dev/null\nif [ $? != 0 ] ; then\n    # print error to STDERR\n    echo \"error: The sandbox is not in sync with the Podfile.lock. Run 'pod install' or update your CocoaPods installation.\" >&2\n    exit 1\nfi\n# This output is used by Xcode 'outputs' to avoid re-running this script phase.\necho \"SUCCESS\" > \"${SCRIPT_OUTPUT_FILE_0}\"\n";
			showEnvVarsInLog = 0;
		};
		94F3180600F8B9B8657EDD26 /* [CP] Check Pods Manifest.lock */ = {
			isa = PBXShellScriptBuildPhase;
			buildActionMask = 2147483647;
			files = (
			);
			inputFileListPaths = (
			);
			inputPaths = (
				"${PODS_PODFILE_DIR_PATH}/Podfile.lock",
				"${PODS_ROOT}/Manifest.lock",
			);
			name = "[CP] Check Pods Manifest.lock";
			outputFileListPaths = (
			);
			outputPaths = (
				"$(DERIVED_FILE_DIR)/Pods-Stargazers-StargazersUITests-checkManifestLockResult.txt",
			);
			runOnlyForDeploymentPostprocessing = 0;
			shellPath = /bin/sh;
			shellScript = "diff \"${PODS_PODFILE_DIR_PATH}/Podfile.lock\" \"${PODS_ROOT}/Manifest.lock\" > /dev/null\nif [ $? != 0 ] ; then\n    # print error to STDERR\n    echo \"error: The sandbox is not in sync with the Podfile.lock. Run 'pod install' or update your CocoaPods installation.\" >&2\n    exit 1\nfi\n# This output is used by Xcode 'outputs' to avoid re-running this script phase.\necho \"SUCCESS\" > \"${SCRIPT_OUTPUT_FILE_0}\"\n";
			showEnvVarsInLog = 0;
		};
/* End PBXShellScriptBuildPhase section */

/* Begin PBXSourcesBuildPhase section */
		2253BD3C254DC34700CA45F4 /* Sources */ = {
			isa = PBXSourcesBuildPhase;
			buildActionMask = 2147483647;
			files = (
				22BF73CE254DD5AC00A952AB /* HTTPService.swift in Sources */,
				22BF73F5254DF3B300A952AB /* StargazerData.swift in Sources */,
				221EC33F254F451D003AFAEE /* SearchResult.swift in Sources */,
				22BF7463254E3E7600A952AB /* SearchView.swift in Sources */,
				2204EAA4254F60C700CE4CAB /* ActivityIndicator.swift in Sources */,
				2253BD46254DC34700CA45F4 /* StargazersView.swift in Sources */,
				22BF73EA254DE40400A952AB /* GitHubServiceConfig.swift in Sources */,
				22BF73CF254DD5AC00A952AB /* HTTPServiceError.swift in Sources */,
				22BF7430254E0E3D00A952AB /* ImageService.swift in Sources */,
				22BF73CC254DD5AC00A952AB /* HTTPServiceResponse.swift in Sources */,
				2204EA8F254F4EE900CE4CAB /* Stargazer.swift in Sources */,
				22BF73EF254DE41000A952AB /* GitHubServiceError.swift in Sources */,
				22BF73E5254DE3F800A952AB /* GitHubServiceProtocol.swift in Sources */,
				2253BD44254DC34700CA45F4 /* StargazersApp.swift in Sources */,
				22BF743A254E0E5800A952AB /* ImageServiceError.swift in Sources */,
				2204EA9F254F552E00CE4CAB /* StargazersViewModel.swift in Sources */,
				22BF73CD254DD5AC00A952AB /* HTTPServiceProtocol.swift in Sources */,
				22BF73DD254DE3E900A952AB /* GitHubService.swift in Sources */,
				22BF7435254E0E4700A952AB /* ImageServiceProtocol.swift in Sources */,
				2204EA94254F4F4300CE4CAB /* StargazerCell.swift in Sources */,
				2204EA9A254F503F00CE4CAB /* ColorExtension.swift in Sources */,
			);
			runOnlyForDeploymentPostprocessing = 0;
		};
		2253BD4D254DC34A00CA45F4 /* Sources */ = {
			isa = PBXSourcesBuildPhase;
			buildActionMask = 2147483647;
			files = (
				22BF7408254DFA8700A952AB /* HTTPServiceMock.swift in Sources */,
				22BF7445254E133100A952AB /* ImageService.swift in Sources */,
				22BF7421254DFD2400A952AB /* GitHubService.swift in Sources */,
				22BF7410254DFB9300A952AB /* HTTPServiceResponse.swift in Sources */,
				22BF741E254DFD2400A952AB /* GitHubServiceConfig.swift in Sources */,
				22BF7411254DFB9300A952AB /* HTTPServiceError.swift in Sources */,
				22BF7402254DF8AB00A952AB /* GitHubServiceTests.swift in Sources */,
				22BF741C254DFD2400A952AB /* GitHubServiceProtocol.swift in Sources */,
				22BF73D4254DD61000A952AB /* HTTPServiceTests.swift in Sources */,
				22BF741D254DFD2400A952AB /* GitHubServiceError.swift in Sources */,
				22BF7420254DFD2400A952AB /* StargazerData.swift in Sources */,
				22BF7443254E133100A952AB /* ImageServiceError.swift in Sources */,
				22BF743F254E11E200A952AB /* ImageServiceTests.swift in Sources */,
				22BF7444254E133100A952AB /* ImageServiceProtocol.swift in Sources */,
				22BF7412254DFB9300A952AB /* HTTPService.swift in Sources */,
				22BF740F254DFB9300A952AB /* HTTPServiceProtocol.swift in Sources */,
			);
			runOnlyForDeploymentPostprocessing = 0;
		};
		2253BD58254DC34A00CA45F4 /* Sources */ = {
			isa = PBXSourcesBuildPhase;
			buildActionMask = 2147483647;
			files = (
				2253BD61254DC34A00CA45F4 /* StargazersUITests.swift in Sources */,
			);
			runOnlyForDeploymentPostprocessing = 0;
		};
/* End PBXSourcesBuildPhase section */

/* Begin PBXTargetDependency section */
		2253BD53254DC34A00CA45F4 /* PBXTargetDependency */ = {
			isa = PBXTargetDependency;
			target = 2253BD3F254DC34700CA45F4 /* Stargazers */;
			targetProxy = 2253BD52254DC34A00CA45F4 /* PBXContainerItemProxy */;
		};
		2253BD5E254DC34A00CA45F4 /* PBXTargetDependency */ = {
			isa = PBXTargetDependency;
			target = 2253BD3F254DC34700CA45F4 /* Stargazers */;
			targetProxy = 2253BD5D254DC34A00CA45F4 /* PBXContainerItemProxy */;
		};
/* End PBXTargetDependency section */

/* Begin PBXVariantGroup section */
		2204EAAF254F701A00CE4CAB /* Localizable.strings */ = {
			isa = PBXVariantGroup;
			children = (
				2204EAAE254F701A00CE4CAB /* en */,
			);
			name = Localizable.strings;
			sourceTree = "<group>";
		};
/* End PBXVariantGroup section */

/* Begin XCBuildConfiguration section */
		2253BD63254DC34A00CA45F4 /* Debug */ = {
			isa = XCBuildConfiguration;
			buildSettings = {
				ALWAYS_SEARCH_USER_PATHS = NO;
				CLANG_ANALYZER_NONNULL = YES;
				CLANG_ANALYZER_NUMBER_OBJECT_CONVERSION = YES_AGGRESSIVE;
				CLANG_CXX_LANGUAGE_STANDARD = "gnu++14";
				CLANG_CXX_LIBRARY = "libc++";
				CLANG_ENABLE_MODULES = YES;
				CLANG_ENABLE_OBJC_ARC = YES;
				CLANG_ENABLE_OBJC_WEAK = YES;
				CLANG_WARN_BLOCK_CAPTURE_AUTORELEASING = YES;
				CLANG_WARN_BOOL_CONVERSION = YES;
				CLANG_WARN_COMMA = YES;
				CLANG_WARN_CONSTANT_CONVERSION = YES;
				CLANG_WARN_DEPRECATED_OBJC_IMPLEMENTATIONS = YES;
				CLANG_WARN_DIRECT_OBJC_ISA_USAGE = YES_ERROR;
				CLANG_WARN_DOCUMENTATION_COMMENTS = YES;
				CLANG_WARN_EMPTY_BODY = YES;
				CLANG_WARN_ENUM_CONVERSION = YES;
				CLANG_WARN_INFINITE_RECURSION = YES;
				CLANG_WARN_INT_CONVERSION = YES;
				CLANG_WARN_NON_LITERAL_NULL_CONVERSION = YES;
				CLANG_WARN_OBJC_IMPLICIT_RETAIN_SELF = YES;
				CLANG_WARN_OBJC_LITERAL_CONVERSION = YES;
				CLANG_WARN_OBJC_ROOT_CLASS = YES_ERROR;
				CLANG_WARN_QUOTED_INCLUDE_IN_FRAMEWORK_HEADER = YES;
				CLANG_WARN_RANGE_LOOP_ANALYSIS = YES;
				CLANG_WARN_STRICT_PROTOTYPES = YES;
				CLANG_WARN_SUSPICIOUS_MOVE = YES;
				CLANG_WARN_UNGUARDED_AVAILABILITY = YES_AGGRESSIVE;
				CLANG_WARN_UNREACHABLE_CODE = YES;
				CLANG_WARN__DUPLICATE_METHOD_MATCH = YES;
				COPY_PHASE_STRIP = NO;
				DEBUG_INFORMATION_FORMAT = dwarf;
				ENABLE_STRICT_OBJC_MSGSEND = YES;
				ENABLE_TESTABILITY = YES;
				GCC_C_LANGUAGE_STANDARD = gnu11;
				GCC_DYNAMIC_NO_PIC = NO;
				GCC_NO_COMMON_BLOCKS = YES;
				GCC_OPTIMIZATION_LEVEL = 0;
				GCC_PREPROCESSOR_DEFINITIONS = (
					"DEBUG=1",
					"$(inherited)",
				);
				GCC_WARN_64_TO_32_BIT_CONVERSION = YES;
				GCC_WARN_ABOUT_RETURN_TYPE = YES_ERROR;
				GCC_WARN_UNDECLARED_SELECTOR = YES;
				GCC_WARN_UNINITIALIZED_AUTOS = YES_AGGRESSIVE;
				GCC_WARN_UNUSED_FUNCTION = YES;
				GCC_WARN_UNUSED_VARIABLE = YES;
				IPHONEOS_DEPLOYMENT_TARGET = 14.0;
				MTL_ENABLE_DEBUG_INFO = INCLUDE_SOURCE;
				MTL_FAST_MATH = YES;
				ONLY_ACTIVE_ARCH = YES;
				SDKROOT = iphoneos;
				SWIFT_ACTIVE_COMPILATION_CONDITIONS = DEBUG;
				SWIFT_OPTIMIZATION_LEVEL = "-Onone";
			};
			name = Debug;
		};
		2253BD64254DC34A00CA45F4 /* Release */ = {
			isa = XCBuildConfiguration;
			buildSettings = {
				ALWAYS_SEARCH_USER_PATHS = NO;
				CLANG_ANALYZER_NONNULL = YES;
				CLANG_ANALYZER_NUMBER_OBJECT_CONVERSION = YES_AGGRESSIVE;
				CLANG_CXX_LANGUAGE_STANDARD = "gnu++14";
				CLANG_CXX_LIBRARY = "libc++";
				CLANG_ENABLE_MODULES = YES;
				CLANG_ENABLE_OBJC_ARC = YES;
				CLANG_ENABLE_OBJC_WEAK = YES;
				CLANG_WARN_BLOCK_CAPTURE_AUTORELEASING = YES;
				CLANG_WARN_BOOL_CONVERSION = YES;
				CLANG_WARN_COMMA = YES;
				CLANG_WARN_CONSTANT_CONVERSION = YES;
				CLANG_WARN_DEPRECATED_OBJC_IMPLEMENTATIONS = YES;
				CLANG_WARN_DIRECT_OBJC_ISA_USAGE = YES_ERROR;
				CLANG_WARN_DOCUMENTATION_COMMENTS = YES;
				CLANG_WARN_EMPTY_BODY = YES;
				CLANG_WARN_ENUM_CONVERSION = YES;
				CLANG_WARN_INFINITE_RECURSION = YES;
				CLANG_WARN_INT_CONVERSION = YES;
				CLANG_WARN_NON_LITERAL_NULL_CONVERSION = YES;
				CLANG_WARN_OBJC_IMPLICIT_RETAIN_SELF = YES;
				CLANG_WARN_OBJC_LITERAL_CONVERSION = YES;
				CLANG_WARN_OBJC_ROOT_CLASS = YES_ERROR;
				CLANG_WARN_QUOTED_INCLUDE_IN_FRAMEWORK_HEADER = YES;
				CLANG_WARN_RANGE_LOOP_ANALYSIS = YES;
				CLANG_WARN_STRICT_PROTOTYPES = YES;
				CLANG_WARN_SUSPICIOUS_MOVE = YES;
				CLANG_WARN_UNGUARDED_AVAILABILITY = YES_AGGRESSIVE;
				CLANG_WARN_UNREACHABLE_CODE = YES;
				CLANG_WARN__DUPLICATE_METHOD_MATCH = YES;
				COPY_PHASE_STRIP = NO;
				DEBUG_INFORMATION_FORMAT = "dwarf-with-dsym";
				ENABLE_NS_ASSERTIONS = NO;
				ENABLE_STRICT_OBJC_MSGSEND = YES;
				GCC_C_LANGUAGE_STANDARD = gnu11;
				GCC_NO_COMMON_BLOCKS = YES;
				GCC_WARN_64_TO_32_BIT_CONVERSION = YES;
				GCC_WARN_ABOUT_RETURN_TYPE = YES_ERROR;
				GCC_WARN_UNDECLARED_SELECTOR = YES;
				GCC_WARN_UNINITIALIZED_AUTOS = YES_AGGRESSIVE;
				GCC_WARN_UNUSED_FUNCTION = YES;
				GCC_WARN_UNUSED_VARIABLE = YES;
				IPHONEOS_DEPLOYMENT_TARGET = 14.0;
				MTL_ENABLE_DEBUG_INFO = NO;
				MTL_FAST_MATH = YES;
				SDKROOT = iphoneos;
				SWIFT_COMPILATION_MODE = wholemodule;
				SWIFT_OPTIMIZATION_LEVEL = "-O";
				VALIDATE_PRODUCT = YES;
			};
			name = Release;
		};
		2253BD66254DC34A00CA45F4 /* Debug */ = {
			isa = XCBuildConfiguration;
			baseConfigurationReference = 67EA52973ACE7B9A0F2A8DDA /* Pods-Stargazers.debug.xcconfig */;
			buildSettings = {
				ASSETCATALOG_COMPILER_APPICON_NAME = AppIcon;
				ASSETCATALOG_COMPILER_GLOBAL_ACCENT_COLOR_NAME = AccentColor;
				CODE_SIGN_IDENTITY = "Apple Development";
				CODE_SIGN_STYLE = Automatic;
				DEVELOPMENT_ASSET_PATHS = "\"Stargazers/Preview Content\"";
				DEVELOPMENT_TEAM = 29883UF8KW;
				ENABLE_PREVIEWS = YES;
				INFOPLIST_FILE = Stargazers/Info.plist;
				IPHONEOS_DEPLOYMENT_TARGET = 14.0;
				LD_RUNPATH_SEARCH_PATHS = (
					"$(inherited)",
					"@executable_path/Frameworks",
				);
				PRODUCT_BUNDLE_IDENTIFIER = com.testapp.Stargazers;
				PRODUCT_NAME = "$(TARGET_NAME)";
				PROVISIONING_PROFILE_SPECIFIER = "";
				SWIFT_VERSION = 5.0;
				TARGETED_DEVICE_FAMILY = "1,2";
			};
			name = Debug;
		};
		2253BD67254DC34A00CA45F4 /* Release */ = {
			isa = XCBuildConfiguration;
			baseConfigurationReference = A6D3F3341EEB139B83E068C9 /* Pods-Stargazers.release.xcconfig */;
			buildSettings = {
				ASSETCATALOG_COMPILER_APPICON_NAME = AppIcon;
				ASSETCATALOG_COMPILER_GLOBAL_ACCENT_COLOR_NAME = AccentColor;
				CODE_SIGN_IDENTITY = "Apple Development";
				CODE_SIGN_STYLE = Automatic;
				DEVELOPMENT_ASSET_PATHS = "\"Stargazers/Preview Content\"";
				DEVELOPMENT_TEAM = 29883UF8KW;
				ENABLE_PREVIEWS = YES;
				INFOPLIST_FILE = Stargazers/Info.plist;
				IPHONEOS_DEPLOYMENT_TARGET = 14.0;
				LD_RUNPATH_SEARCH_PATHS = (
					"$(inherited)",
					"@executable_path/Frameworks",
				);
				PRODUCT_BUNDLE_IDENTIFIER = com.testapp.Stargazers;
				PRODUCT_NAME = "$(TARGET_NAME)";
				PROVISIONING_PROFILE_SPECIFIER = "";
				SWIFT_VERSION = 5.0;
				TARGETED_DEVICE_FAMILY = "1,2";
			};
			name = Release;
		};
		2253BD69254DC34A00CA45F4 /* Debug */ = {
			isa = XCBuildConfiguration;
			baseConfigurationReference = 6BA9EBB0A1D16B0C4B0B5A60 /* Pods-StargazersTests.debug.xcconfig */;
			buildSettings = {
				ALWAYS_EMBED_SWIFT_STANDARD_LIBRARIES = YES;
				BUNDLE_LOADER = "$(TEST_HOST)";
				CODE_SIGN_STYLE = Automatic;
				INFOPLIST_FILE = StargazersTests/Info.plist;
				IPHONEOS_DEPLOYMENT_TARGET = 14.0;
				LD_RUNPATH_SEARCH_PATHS = (
					"$(inherited)",
					"@executable_path/Frameworks",
					"@loader_path/Frameworks",
				);
				PRODUCT_BUNDLE_IDENTIFIER = com.testapp.StargazersTests;
				PRODUCT_NAME = "$(TARGET_NAME)";
				SWIFT_VERSION = 5.0;
				TARGETED_DEVICE_FAMILY = "1,2";
				TEST_HOST = "$(BUILT_PRODUCTS_DIR)/Stargazers.app/Stargazers";
			};
			name = Debug;
		};
		2253BD6A254DC34A00CA45F4 /* Release */ = {
			isa = XCBuildConfiguration;
			baseConfigurationReference = 08356944E57F240DD0FA455B /* Pods-StargazersTests.release.xcconfig */;
			buildSettings = {
				ALWAYS_EMBED_SWIFT_STANDARD_LIBRARIES = YES;
				BUNDLE_LOADER = "$(TEST_HOST)";
				CODE_SIGN_STYLE = Automatic;
				INFOPLIST_FILE = StargazersTests/Info.plist;
				IPHONEOS_DEPLOYMENT_TARGET = 14.0;
				LD_RUNPATH_SEARCH_PATHS = (
					"$(inherited)",
					"@executable_path/Frameworks",
					"@loader_path/Frameworks",
				);
				PRODUCT_BUNDLE_IDENTIFIER = com.testapp.StargazersTests;
				PRODUCT_NAME = "$(TARGET_NAME)";
				SWIFT_VERSION = 5.0;
				TARGETED_DEVICE_FAMILY = "1,2";
				TEST_HOST = "$(BUILT_PRODUCTS_DIR)/Stargazers.app/Stargazers";
			};
			name = Release;
		};
		2253BD6C254DC34A00CA45F4 /* Debug */ = {
			isa = XCBuildConfiguration;
			baseConfigurationReference = C588BA31C2EC1E02C06308A6 /* Pods-Stargazers-StargazersUITests.debug.xcconfig */;
			buildSettings = {
				ALWAYS_EMBED_SWIFT_STANDARD_LIBRARIES = YES;
				CODE_SIGN_STYLE = Automatic;
				INFOPLIST_FILE = StargazersUITests/Info.plist;
				LD_RUNPATH_SEARCH_PATHS = (
					"$(inherited)",
					"@executable_path/Frameworks",
					"@loader_path/Frameworks",
				);
				PRODUCT_BUNDLE_IDENTIFIER = com.testapp.StargazersUITests;
				PRODUCT_NAME = "$(TARGET_NAME)";
				SWIFT_VERSION = 5.0;
				TARGETED_DEVICE_FAMILY = "1,2";
				TEST_TARGET_NAME = Stargazers;
			};
			name = Debug;
		};
		2253BD6D254DC34A00CA45F4 /* Release */ = {
			isa = XCBuildConfiguration;
			baseConfigurationReference = B4DB8D51929AC044C59AF6F5 /* Pods-Stargazers-StargazersUITests.release.xcconfig */;
			buildSettings = {
				ALWAYS_EMBED_SWIFT_STANDARD_LIBRARIES = YES;
				CODE_SIGN_STYLE = Automatic;
				INFOPLIST_FILE = StargazersUITests/Info.plist;
				LD_RUNPATH_SEARCH_PATHS = (
					"$(inherited)",
					"@executable_path/Frameworks",
					"@loader_path/Frameworks",
				);
				PRODUCT_BUNDLE_IDENTIFIER = com.testapp.StargazersUITests;
				PRODUCT_NAME = "$(TARGET_NAME)";
				SWIFT_VERSION = 5.0;
				TARGETED_DEVICE_FAMILY = "1,2";
				TEST_TARGET_NAME = Stargazers;
			};
			name = Release;
		};
/* End XCBuildConfiguration section */

/* Begin XCConfigurationList section */
		2253BD3B254DC34700CA45F4 /* Build configuration list for PBXProject "Stargazers" */ = {
			isa = XCConfigurationList;
			buildConfigurations = (
				2253BD63254DC34A00CA45F4 /* Debug */,
				2253BD64254DC34A00CA45F4 /* Release */,
			);
			defaultConfigurationIsVisible = 0;
			defaultConfigurationName = Release;
		};
		2253BD65254DC34A00CA45F4 /* Build configuration list for PBXNativeTarget "Stargazers" */ = {
			isa = XCConfigurationList;
			buildConfigurations = (
				2253BD66254DC34A00CA45F4 /* Debug */,
				2253BD67254DC34A00CA45F4 /* Release */,
			);
			defaultConfigurationIsVisible = 0;
			defaultConfigurationName = Release;
		};
		2253BD68254DC34A00CA45F4 /* Build configuration list for PBXNativeTarget "StargazersTests" */ = {
			isa = XCConfigurationList;
			buildConfigurations = (
				2253BD69254DC34A00CA45F4 /* Debug */,
				2253BD6A254DC34A00CA45F4 /* Release */,
			);
			defaultConfigurationIsVisible = 0;
			defaultConfigurationName = Release;
		};
		2253BD6B254DC34A00CA45F4 /* Build configuration list for PBXNativeTarget "StargazersUITests" */ = {
			isa = XCConfigurationList;
			buildConfigurations = (
				2253BD6C254DC34A00CA45F4 /* Debug */,
				2253BD6D254DC34A00CA45F4 /* Release */,
			);
			defaultConfigurationIsVisible = 0;
			defaultConfigurationName = Release;
		};
/* End XCConfigurationList section */
	};
	rootObject = 2253BD38254DC34700CA45F4 /* Project object */;
}
